
Microsoft Visual Studio Solution File, Format Version 12.00
# Visual Studio 15
VisualStudioVersion = 15.0.26730.16
MinimumVisualStudioVersion = 10.0.40219.1
Project("{FAE04EC0-301F-11D3-BF4B-00C04F79EFBC}") = "_01_Interfaces", "Interfaces\_01_Interfaces.csproj", "{D6C42317-76D8-4EE9-AD99-FB8AC4BC798C}"
EndProject
Project("{FAE04EC0-301F-11D3-BF4B-00C04F79EFBC}") = "_1000_Playground", "_1000_Playground\_1000_Playground.csproj", "{D2CEB799-EBF9-4CF4-AACF-94D854769486}"
EndProject
Global
	GlobalSection(SolutionConfigurationPlatforms) = preSolution
		Debug|Any CPU = Debug|Any CPU
		Release|Any CPU = Release|Any CPU
	EndGlobalSection
	GlobalSection(ProjectConfigurationPlatforms) = postSolution
		{D6C42317-76D8-4EE9-AD99-FB8AC4BC798C}.Debug|Any CPU.ActiveCfg = Debug|Any CPU
		{D6C42317-76D8-4EE9-AD99-FB8AC4BC798C}.Debug|Any CPU.Build.0 = Debug|Any CPU
		{D6C42317-76D8-4EE9-AD99-FB8AC4BC798C}.Release|Any CPU.ActiveCfg = Release|Any CPU
		{D6C42317-76D8-4EE9-AD99-FB8AC4BC798C}.Release|Any CPU.Build.0 = Release|Any CPU
		{D2CEB799-EBF9-4CF4-AACF-94D854769486}.Debug|Any CPU.ActiveCfg = Debug|Any CPU
		{D2CEB799-EBF9-4CF4-AACF-94D854769486}.Debug|Any CPU.Build.0 = Debug|Any CPU
		{D2CEB799-EBF9-4CF4-AACF-94D854769486}.Release|Any CPU.ActiveCfg = Release|Any CPU
		{D2CEB799-EBF9-4CF4-AACF-94D854769486}.Release|Any CPU.Build.0 = Release|Any CPU
	EndGlobalSection
	GlobalSection(SolutionProperties) = preSolution
		HideSolutionNode = FALSE
	EndGlobalSection
	GlobalSection(ExtensibilityGlobals) = postSolution
		SolutionGuid = {4FE34D96-7316-4322-A5CC-0B9A325243F1}
	EndGlobalSection
EndGlobal
